
Microsoft Visual Studio Solution File, Format Version 12.00
# Visual Studio Version 16
VisualStudioVersion = 16.0.30804.86
MinimumVisualStudioVersion = 10.0.40219.1
Project("{FAE04EC0-301F-11D3-BF4B-00C04F79EFBC}") = "BadSuperbowlNamer", "BadSuperbowlNamer\BadSuperbowlNamer.csproj", "{68EF847F-C142-43FC-BCE1-34E981DE1E77}"
EndProject
Project("{FAE04EC0-301F-11D3-BF4B-00C04F79EFBC}") = "BadSuperbowlNamer.Tests", "BadSuperbowlNamer.Tests\BadSuperbowlNamer.Tests.csproj", "{C0D5F1FB-8607-4175-87F7-4AF477C42161}"
EndProject
Global
	GlobalSection(SolutionConfigurationPlatforms) = preSolution
		Debug|Any CPU = Debug|Any CPU
		Release|Any CPU = Release|Any CPU
	EndGlobalSection
	GlobalSection(ProjectConfigurationPlatforms) = postSolution
		{68EF847F-C142-43FC-BCE1-34E981DE1E77}.Debug|Any CPU.ActiveCfg = Debug|Any CPU
		{68EF847F-C142-43FC-BCE1-34E981DE1E77}.Debug|Any CPU.Build.0 = Debug|Any CPU
		{68EF847F-C142-43FC-BCE1-34E981DE1E77}.Release|Any CPU.ActiveCfg = Release|Any CPU
		{68EF847F-C142-43FC-BCE1-34E981DE1E77}.Release|Any CPU.Build.0 = Release|Any CPU
		{C0D5F1FB-8607-4175-87F7-4AF477C42161}.Debug|Any CPU.ActiveCfg = Debug|Any CPU
		{C0D5F1FB-8607-4175-87F7-4AF477C42161}.Debug|Any CPU.Build.0 = Debug|Any CPU
		{C0D5F1FB-8607-4175-87F7-4AF477C42161}.Release|Any CPU.ActiveCfg = Release|Any CPU
		{C0D5F1FB-8607-4175-87F7-4AF477C42161}.Release|Any CPU.Build.0 = Release|Any CPU
	EndGlobalSection
	GlobalSection(SolutionProperties) = preSolution
		HideSolutionNode = FALSE
	EndGlobalSection
	GlobalSection(ExtensibilityGlobals) = postSolution
		SolutionGuid = {25055804-6C82-429A-8D17-48DE9BC8EE52}
	EndGlobalSection
EndGlobal
